
Microsoft Visual Studio Solution File, Format Version 12.00
# Visual Studio Version 17
VisualStudioVersion = 17.3.32811.315
MinimumVisualStudioVersion = 10.0.40219.1
Project("{9A19103F-16F7-4668-BE54-9A1E7A4F7556}") = "Crazor", "Libraries\Crazor\Crazor.csproj", "{05B912AE-57FC-4319-B31D-9F5BFA3D4ED1}"
EndProject
Project("{2150E333-8FDC-42A3-9474-1A3956D46DE8}") = "Libraries", "Libraries", "{8EBC7F5A-9447-4752-B1C1-557852038A90}"
EndProject
Project("{2150E333-8FDC-42A3-9474-1A3956D46DE8}") = "Samples", "Samples", "{31DF7F00-4530-455D-A982-37E67AA32272}"
EndProject
Project("{2150E333-8FDC-42A3-9474-1A3956D46DE8}") = "Solution Items", "Solution Items", "{05D90974-40A3-4066-BBEA-6551B76A2A28}"
	ProjectSection(SolutionItems) = preProject
		.editorconfig = .editorconfig
		..\.github\workflows\crazordemobot.yml = ..\.github\workflows\crazordemobot.yml
		..\.github\workflows\dotnet.yml = ..\.github\workflows\dotnet.yml
		..\.github\workflows\OpCardBot.yml = ..\.github\workflows\OpCardBot.yml
		..\.github\workflows\PublishNuget.yml = ..\.github\workflows\PublishNuget.yml
		..\README.md = ..\README.md
	EndProjectSection
EndProject
Project("{2150E333-8FDC-42A3-9474-1A3956D46DE8}") = "Tests", "Tests", "{058D5B6C-56D5-4FB8-8141-08C829581193}"
EndProject
Project("{9A19103F-16F7-4668-BE54-9A1E7A4F7556}") = "Crazor.Test", "Libraries\Crazor.Test\Crazor.Test.csproj", "{20AF7F79-6B1F-4138-B3EF-BF77AC33EE72}"
EndProject
Project("{9A19103F-16F7-4668-BE54-9A1E7A4F7556}") = "Crazor.Blazor", "libraries\Crazor.Blazor\Crazor.Blazor.csproj", "{5566668B-97D0-4ACB-A8D1-605473F39E93}"
EndProject
Project("{9A19103F-16F7-4668-BE54-9A1E7A4F7556}") = "CrazorBlazorDemo", "Samples\CrazorBlazorDemo\CrazorBlazorDemo.csproj", "{05348B93-3A22-4D05-86D3-45C167E85A42}"
EndProject
Project("{9A19103F-16F7-4668-BE54-9A1E7A4F7556}") = "Crazor.Tests", "tests\Crazor.Tests\Crazor.Tests.csproj", "{2AD972EF-56F7-4347-B463-EC8847DE0A57}"
EndProject
Project("{9A19103F-16F7-4668-BE54-9A1E7A4F7556}") = "Crazor.Blazor.Tests", "tests\Crazor.Blazor.Tests\Crazor.Blazor.Tests.csproj", "{2B4CE68A-2703-46AD-B959-037866D873E7}"
EndProject
Project("{9A19103F-16F7-4668-BE54-9A1E7A4F7556}") = "Crazor.Server", "Libraries\Crazor.Server\Crazor.Server.csproj", "{5E2274D1-EBF0-430D-90E7-9C0FB562EF6D}"
EndProject
Project("{9A19103F-16F7-4668-BE54-9A1E7A4F7556}") = "SharedCards", "samples\SharedCards\SharedCards.csproj", "{64DC9ADE-7583-4F12-90D7-BA6EAF22FA2C}"
EndProject
Project("{9A19103F-16F7-4668-BE54-9A1E7A4F7556}") = "AdaptiveCards", "..\..\AdaptiveCards\source\dotnet\Library\AdaptiveCards.Net6\AdaptiveCards.csproj", "{DEC07395-16B2-4304-96BD-BF1F93D229EA}"
EndProject
Global
	GlobalSection(SolutionConfigurationPlatforms) = preSolution
		Debug|Any CPU = Debug|Any CPU
		Debug|arm64 = Debug|arm64
		Debug|x86 = Debug|x86
		Release|Any CPU = Release|Any CPU
		Release|arm64 = Release|arm64
		Release|x86 = Release|x86
	EndGlobalSection
	GlobalSection(ProjectConfigurationPlatforms) = postSolution
		{05B912AE-57FC-4319-B31D-9F5BFA3D4ED1}.Debug|Any CPU.ActiveCfg = Debug|Any CPU
		{05B912AE-57FC-4319-B31D-9F5BFA3D4ED1}.Debug|Any CPU.Build.0 = Debug|Any CPU
		{05B912AE-57FC-4319-B31D-9F5BFA3D4ED1}.Debug|arm64.ActiveCfg = Debug|Any CPU
		{05B912AE-57FC-4319-B31D-9F5BFA3D4ED1}.Debug|arm64.Build.0 = Debug|Any CPU
		{05B912AE-57FC-4319-B31D-9F5BFA3D4ED1}.Debug|x86.ActiveCfg = Debug|Any CPU
		{05B912AE-57FC-4319-B31D-9F5BFA3D4ED1}.Debug|x86.Build.0 = Debug|Any CPU
		{05B912AE-57FC-4319-B31D-9F5BFA3D4ED1}.Release|Any CPU.ActiveCfg = Release|Any CPU
		{05B912AE-57FC-4319-B31D-9F5BFA3D4ED1}.Release|Any CPU.Build.0 = Release|Any CPU
		{05B912AE-57FC-4319-B31D-9F5BFA3D4ED1}.Release|arm64.ActiveCfg = Release|Any CPU
		{05B912AE-57FC-4319-B31D-9F5BFA3D4ED1}.Release|arm64.Build.0 = Release|Any CPU
		{05B912AE-57FC-4319-B31D-9F5BFA3D4ED1}.Release|x86.ActiveCfg = Release|Any CPU
		{05B912AE-57FC-4319-B31D-9F5BFA3D4ED1}.Release|x86.Build.0 = Release|Any CPU
		{20AF7F79-6B1F-4138-B3EF-BF77AC33EE72}.Debug|Any CPU.ActiveCfg = Debug|Any CPU
		{20AF7F79-6B1F-4138-B3EF-BF77AC33EE72}.Debug|Any CPU.Build.0 = Debug|Any CPU
		{20AF7F79-6B1F-4138-B3EF-BF77AC33EE72}.Debug|arm64.ActiveCfg = Debug|Any CPU
		{20AF7F79-6B1F-4138-B3EF-BF77AC33EE72}.Debug|arm64.Build.0 = Debug|Any CPU
		{20AF7F79-6B1F-4138-B3EF-BF77AC33EE72}.Debug|x86.ActiveCfg = Debug|Any CPU
		{20AF7F79-6B1F-4138-B3EF-BF77AC33EE72}.Debug|x86.Build.0 = Debug|Any CPU
		{20AF7F79-6B1F-4138-B3EF-BF77AC33EE72}.Release|Any CPU.ActiveCfg = Release|Any CPU
		{20AF7F79-6B1F-4138-B3EF-BF77AC33EE72}.Release|Any CPU.Build.0 = Release|Any CPU
		{20AF7F79-6B1F-4138-B3EF-BF77AC33EE72}.Release|arm64.ActiveCfg = Release|Any CPU
		{20AF7F79-6B1F-4138-B3EF-BF77AC33EE72}.Release|arm64.Build.0 = Release|Any CPU
		{20AF7F79-6B1F-4138-B3EF-BF77AC33EE72}.Release|x86.ActiveCfg = Release|Any CPU
		{20AF7F79-6B1F-4138-B3EF-BF77AC33EE72}.Release|x86.Build.0 = Release|Any CPU
		{5566668B-97D0-4ACB-A8D1-605473F39E93}.Debug|Any CPU.ActiveCfg = Debug|Any CPU
		{5566668B-97D0-4ACB-A8D1-605473F39E93}.Debug|Any CPU.Build.0 = Debug|Any CPU
		{5566668B-97D0-4ACB-A8D1-605473F39E93}.Debug|arm64.ActiveCfg = Debug|Any CPU
		{5566668B-97D0-4ACB-A8D1-605473F39E93}.Debug|arm64.Build.0 = Debug|Any CPU
		{5566668B-97D0-4ACB-A8D1-605473F39E93}.Debug|x86.ActiveCfg = Debug|Any CPU
		{5566668B-97D0-4ACB-A8D1-605473F39E93}.Debug|x86.Build.0 = Debug|Any CPU
		{5566668B-97D0-4ACB-A8D1-605473F39E93}.Release|Any CPU.ActiveCfg = Release|Any CPU
		{5566668B-97D0-4ACB-A8D1-605473F39E93}.Release|Any CPU.Build.0 = Release|Any CPU
		{5566668B-97D0-4ACB-A8D1-605473F39E93}.Release|arm64.ActiveCfg = Release|Any CPU
		{5566668B-97D0-4ACB-A8D1-605473F39E93}.Release|arm64.Build.0 = Release|Any CPU
		{5566668B-97D0-4ACB-A8D1-605473F39E93}.Release|x86.ActiveCfg = Release|Any CPU
		{5566668B-97D0-4ACB-A8D1-605473F39E93}.Release|x86.Build.0 = Release|Any CPU
		{05348B93-3A22-4D05-86D3-45C167E85A42}.Debug|Any CPU.ActiveCfg = Debug|Any CPU
		{05348B93-3A22-4D05-86D3-45C167E85A42}.Debug|Any CPU.Build.0 = Debug|Any CPU
		{05348B93-3A22-4D05-86D3-45C167E85A42}.Debug|arm64.ActiveCfg = Debug|Any CPU
		{05348B93-3A22-4D05-86D3-45C167E85A42}.Debug|arm64.Build.0 = Debug|Any CPU
		{05348B93-3A22-4D05-86D3-45C167E85A42}.Debug|x86.ActiveCfg = Debug|Any CPU
		{05348B93-3A22-4D05-86D3-45C167E85A42}.Debug|x86.Build.0 = Debug|Any CPU
		{05348B93-3A22-4D05-86D3-45C167E85A42}.Release|Any CPU.ActiveCfg = Release|Any CPU
		{05348B93-3A22-4D05-86D3-45C167E85A42}.Release|Any CPU.Build.0 = Release|Any CPU
		{05348B93-3A22-4D05-86D3-45C167E85A42}.Release|arm64.ActiveCfg = Release|Any CPU
		{05348B93-3A22-4D05-86D3-45C167E85A42}.Release|arm64.Build.0 = Release|Any CPU
		{05348B93-3A22-4D05-86D3-45C167E85A42}.Release|x86.ActiveCfg = Release|Any CPU
		{05348B93-3A22-4D05-86D3-45C167E85A42}.Release|x86.Build.0 = Release|Any CPU
		{2AD972EF-56F7-4347-B463-EC8847DE0A57}.Debug|Any CPU.ActiveCfg = Debug|Any CPU
		{2AD972EF-56F7-4347-B463-EC8847DE0A57}.Debug|Any CPU.Build.0 = Debug|Any CPU
		{2AD972EF-56F7-4347-B463-EC8847DE0A57}.Debug|arm64.ActiveCfg = Debug|Any CPU
		{2AD972EF-56F7-4347-B463-EC8847DE0A57}.Debug|arm64.Build.0 = Debug|Any CPU
		{2AD972EF-56F7-4347-B463-EC8847DE0A57}.Debug|x86.ActiveCfg = Debug|Any CPU
		{2AD972EF-56F7-4347-B463-EC8847DE0A57}.Debug|x86.Build.0 = Debug|Any CPU
		{2AD972EF-56F7-4347-B463-EC8847DE0A57}.Release|Any CPU.ActiveCfg = Release|Any CPU
		{2AD972EF-56F7-4347-B463-EC8847DE0A57}.Release|Any CPU.Build.0 = Release|Any CPU
		{2AD972EF-56F7-4347-B463-EC8847DE0A57}.Release|arm64.ActiveCfg = Release|Any CPU
		{2AD972EF-56F7-4347-B463-EC8847DE0A57}.Release|arm64.Build.0 = Release|Any CPU
		{2AD972EF-56F7-4347-B463-EC8847DE0A57}.Release|x86.ActiveCfg = Release|Any CPU
		{2AD972EF-56F7-4347-B463-EC8847DE0A57}.Release|x86.Build.0 = Release|Any CPU
		{2B4CE68A-2703-46AD-B959-037866D873E7}.Debug|Any CPU.ActiveCfg = Debug|Any CPU
		{2B4CE68A-2703-46AD-B959-037866D873E7}.Debug|Any CPU.Build.0 = Debug|Any CPU
		{2B4CE68A-2703-46AD-B959-037866D873E7}.Debug|arm64.ActiveCfg = Debug|Any CPU
		{2B4CE68A-2703-46AD-B959-037866D873E7}.Debug|arm64.Build.0 = Debug|Any CPU
		{2B4CE68A-2703-46AD-B959-037866D873E7}.Debug|x86.ActiveCfg = Debug|Any CPU
		{2B4CE68A-2703-46AD-B959-037866D873E7}.Debug|x86.Build.0 = Debug|Any CPU
		{2B4CE68A-2703-46AD-B959-037866D873E7}.Release|Any CPU.ActiveCfg = Release|Any CPU
		{2B4CE68A-2703-46AD-B959-037866D873E7}.Release|Any CPU.Build.0 = Release|Any CPU
		{2B4CE68A-2703-46AD-B959-037866D873E7}.Release|arm64.ActiveCfg = Release|Any CPU
		{2B4CE68A-2703-46AD-B959-037866D873E7}.Release|arm64.Build.0 = Release|Any CPU
		{2B4CE68A-2703-46AD-B959-037866D873E7}.Release|x86.ActiveCfg = Release|Any CPU
		{2B4CE68A-2703-46AD-B959-037866D873E7}.Release|x86.Build.0 = Release|Any CPU
		{5E2274D1-EBF0-430D-90E7-9C0FB562EF6D}.Debug|Any CPU.ActiveCfg = Debug|Any CPU
		{5E2274D1-EBF0-430D-90E7-9C0FB562EF6D}.Debug|Any CPU.Build.0 = Debug|Any CPU
		{5E2274D1-EBF0-430D-90E7-9C0FB562EF6D}.Debug|arm64.ActiveCfg = Debug|Any CPU
		{5E2274D1-EBF0-430D-90E7-9C0FB562EF6D}.Debug|arm64.Build.0 = Debug|Any CPU
		{5E2274D1-EBF0-430D-90E7-9C0FB562EF6D}.Debug|x86.ActiveCfg = Debug|Any CPU
		{5E2274D1-EBF0-430D-90E7-9C0FB562EF6D}.Debug|x86.Build.0 = Debug|Any CPU
		{5E2274D1-EBF0-430D-90E7-9C0FB562EF6D}.Release|Any CPU.ActiveCfg = Release|Any CPU
		{5E2274D1-EBF0-430D-90E7-9C0FB562EF6D}.Release|Any CPU.Build.0 = Release|Any CPU
		{5E2274D1-EBF0-430D-90E7-9C0FB562EF6D}.Release|arm64.ActiveCfg = Release|Any CPU
		{5E2274D1-EBF0-430D-90E7-9C0FB562EF6D}.Release|arm64.Build.0 = Release|Any CPU
		{5E2274D1-EBF0-430D-90E7-9C0FB562EF6D}.Release|x86.ActiveCfg = Release|Any CPU
		{5E2274D1-EBF0-430D-90E7-9C0FB562EF6D}.Release|x86.Build.0 = Release|Any CPU
		{64DC9ADE-7583-4F12-90D7-BA6EAF22FA2C}.Debug|Any CPU.ActiveCfg = Debug|Any CPU
		{64DC9ADE-7583-4F12-90D7-BA6EAF22FA2C}.Debug|Any CPU.Build.0 = Debug|Any CPU
		{64DC9ADE-7583-4F12-90D7-BA6EAF22FA2C}.Debug|arm64.ActiveCfg = Debug|Any CPU
		{64DC9ADE-7583-4F12-90D7-BA6EAF22FA2C}.Debug|arm64.Build.0 = Debug|Any CPU
		{64DC9ADE-7583-4F12-90D7-BA6EAF22FA2C}.Debug|x86.ActiveCfg = Debug|Any CPU
		{64DC9ADE-7583-4F12-90D7-BA6EAF22FA2C}.Debug|x86.Build.0 = Debug|Any CPU
		{64DC9ADE-7583-4F12-90D7-BA6EAF22FA2C}.Release|Any CPU.ActiveCfg = Release|Any CPU
		{64DC9ADE-7583-4F12-90D7-BA6EAF22FA2C}.Release|Any CPU.Build.0 = Release|Any CPU
		{64DC9ADE-7583-4F12-90D7-BA6EAF22FA2C}.Release|arm64.ActiveCfg = Release|Any CPU
		{64DC9ADE-7583-4F12-90D7-BA6EAF22FA2C}.Release|arm64.Build.0 = Release|Any CPU
		{64DC9ADE-7583-4F12-90D7-BA6EAF22FA2C}.Release|x86.ActiveCfg = Release|Any CPU
		{64DC9ADE-7583-4F12-90D7-BA6EAF22FA2C}.Release|x86.Build.0 = Release|Any CPU
		{DEC07395-16B2-4304-96BD-BF1F93D229EA}.Debug|Any CPU.ActiveCfg = Debug|Any CPU
		{DEC07395-16B2-4304-96BD-BF1F93D229EA}.Debug|Any CPU.Build.0 = Debug|Any CPU
		{DEC07395-16B2-4304-96BD-BF1F93D229EA}.Debug|arm64.ActiveCfg = Debug|Any CPU
		{DEC07395-16B2-4304-96BD-BF1F93D229EA}.Debug|arm64.Build.0 = Debug|Any CPU
		{DEC07395-16B2-4304-96BD-BF1F93D229EA}.Debug|x86.ActiveCfg = Debug|Any CPU
		{DEC07395-16B2-4304-96BD-BF1F93D229EA}.Debug|x86.Build.0 = Debug|Any CPU
		{DEC07395-16B2-4304-96BD-BF1F93D229EA}.Release|Any CPU.ActiveCfg = Release|Any CPU
		{DEC07395-16B2-4304-96BD-BF1F93D229EA}.Release|Any CPU.Build.0 = Release|Any CPU
		{DEC07395-16B2-4304-96BD-BF1F93D229EA}.Release|arm64.ActiveCfg = Release|Any CPU
		{DEC07395-16B2-4304-96BD-BF1F93D229EA}.Release|arm64.Build.0 = Release|Any CPU
		{DEC07395-16B2-4304-96BD-BF1F93D229EA}.Release|x86.ActiveCfg = Release|Any CPU
		{DEC07395-16B2-4304-96BD-BF1F93D229EA}.Release|x86.Build.0 = Release|Any CPU
	EndGlobalSection
	GlobalSection(SolutionProperties) = preSolution
		HideSolutionNode = FALSE
	EndGlobalSection
	GlobalSection(NestedProjects) = preSolution
		{05B912AE-57FC-4319-B31D-9F5BFA3D4ED1} = {8EBC7F5A-9447-4752-B1C1-557852038A90}
		{20AF7F79-6B1F-4138-B3EF-BF77AC33EE72} = {8EBC7F5A-9447-4752-B1C1-557852038A90}
		{5566668B-97D0-4ACB-A8D1-605473F39E93} = {8EBC7F5A-9447-4752-B1C1-557852038A90}
		{05348B93-3A22-4D05-86D3-45C167E85A42} = {31DF7F00-4530-455D-A982-37E67AA32272}
		{2AD972EF-56F7-4347-B463-EC8847DE0A57} = {058D5B6C-56D5-4FB8-8141-08C829581193}
		{2B4CE68A-2703-46AD-B959-037866D873E7} = {058D5B6C-56D5-4FB8-8141-08C829581193}
		{5E2274D1-EBF0-430D-90E7-9C0FB562EF6D} = {8EBC7F5A-9447-4752-B1C1-557852038A90}
		{64DC9ADE-7583-4F12-90D7-BA6EAF22FA2C} = {31DF7F00-4530-455D-A982-37E67AA32272}
		{DEC07395-16B2-4304-96BD-BF1F93D229EA} = {8EBC7F5A-9447-4752-B1C1-557852038A90}
	EndGlobalSection
	GlobalSection(ExtensibilityGlobals) = postSolution
		SolutionGuid = {FFA5C14D-3ED6-45A7-8F7C-1D89B077E724}
	EndGlobalSection
EndGlobal
