
Microsoft Visual Studio Solution File, Format Version 12.00
# Visual Studio Version 17
VisualStudioVersion = 17.3.32811.315
MinimumVisualStudioVersion = 10.0.40219.1
Project("{9A19103F-16F7-4668-BE54-9A1E7A4F7556}") = "Crazor", "Libraries\Crazor\Crazor.csproj", "{05B912AE-57FC-4319-B31D-9F5BFA3D4ED1}"
EndProject
Project("{9A19103F-16F7-4668-BE54-9A1E7A4F7556}") = "AdaptiveCards", "Libraries\AdaptiveCards\AdaptiveCards.csproj", "{D4643763-0BBF-4729-8F46-837E968940D9}"
EndProject
Project("{2150E333-8FDC-42A3-9474-1A3956D46DE8}") = "Libraries", "Libraries", "{8EBC7F5A-9447-4752-B1C1-557852038A90}"
EndProject
Project("{2150E333-8FDC-42A3-9474-1A3956D46DE8}") = "Samples", "Samples", "{31DF7F00-4530-455D-A982-37E67AA32272}"
EndProject
Project("{2150E333-8FDC-42A3-9474-1A3956D46DE8}") = "Solution Items", "Solution Items", "{05D90974-40A3-4066-BBEA-6551B76A2A28}"
	ProjectSection(SolutionItems) = preProject
		..\README.md = ..\README.md
	EndProjectSection
EndProject
Project("{2150E333-8FDC-42A3-9474-1A3956D46DE8}") = "Tests", "Tests", "{058D5B6C-56D5-4FB8-8141-08C829581193}"
EndProject
Project("{9A19103F-16F7-4668-BE54-9A1E7A4F7556}") = "AdaptiveCardXmlTests", "tests\AdaptiveCardXmlTests\AdaptiveCardXmlTests.csproj", "{16AEE6A2-0D16-424A-8845-D29AA9494474}"
EndProject
Project("{9A19103F-16F7-4668-BE54-9A1E7A4F7556}") = "CrazorDemoBot", "samples\CrazorDemoBot\CrazorDemoBot.csproj", "{C120CB4F-9587-465E-83F6-9FDA54A009E6}"
EndProject
Global
	GlobalSection(SolutionConfigurationPlatforms) = preSolution
		Debug|Any CPU = Debug|Any CPU
		Debug|arm64 = Debug|arm64
		Debug|x86 = Debug|x86
		Release|Any CPU = Release|Any CPU
		Release|arm64 = Release|arm64
		Release|x86 = Release|x86
	EndGlobalSection
	GlobalSection(ProjectConfigurationPlatforms) = postSolution
		{05B912AE-57FC-4319-B31D-9F5BFA3D4ED1}.Debug|Any CPU.ActiveCfg = Debug|Any CPU
		{05B912AE-57FC-4319-B31D-9F5BFA3D4ED1}.Debug|Any CPU.Build.0 = Debug|Any CPU
		{05B912AE-57FC-4319-B31D-9F5BFA3D4ED1}.Debug|arm64.ActiveCfg = Debug|Any CPU
		{05B912AE-57FC-4319-B31D-9F5BFA3D4ED1}.Debug|arm64.Build.0 = Debug|Any CPU
		{05B912AE-57FC-4319-B31D-9F5BFA3D4ED1}.Debug|x86.ActiveCfg = Debug|Any CPU
		{05B912AE-57FC-4319-B31D-9F5BFA3D4ED1}.Debug|x86.Build.0 = Debug|Any CPU
		{05B912AE-57FC-4319-B31D-9F5BFA3D4ED1}.Release|Any CPU.ActiveCfg = Release|Any CPU
		{05B912AE-57FC-4319-B31D-9F5BFA3D4ED1}.Release|Any CPU.Build.0 = Release|Any CPU
		{05B912AE-57FC-4319-B31D-9F5BFA3D4ED1}.Release|arm64.ActiveCfg = Release|Any CPU
		{05B912AE-57FC-4319-B31D-9F5BFA3D4ED1}.Release|arm64.Build.0 = Release|Any CPU
		{05B912AE-57FC-4319-B31D-9F5BFA3D4ED1}.Release|x86.ActiveCfg = Release|Any CPU
		{05B912AE-57FC-4319-B31D-9F5BFA3D4ED1}.Release|x86.Build.0 = Release|Any CPU
		{D4643763-0BBF-4729-8F46-837E968940D9}.Debug|Any CPU.ActiveCfg = Debug|Any CPU
		{D4643763-0BBF-4729-8F46-837E968940D9}.Debug|Any CPU.Build.0 = Debug|Any CPU
		{D4643763-0BBF-4729-8F46-837E968940D9}.Debug|arm64.ActiveCfg = Debug|Any CPU
		{D4643763-0BBF-4729-8F46-837E968940D9}.Debug|arm64.Build.0 = Debug|Any CPU
		{D4643763-0BBF-4729-8F46-837E968940D9}.Debug|x86.ActiveCfg = Debug|Any CPU
		{D4643763-0BBF-4729-8F46-837E968940D9}.Debug|x86.Build.0 = Debug|Any CPU
		{D4643763-0BBF-4729-8F46-837E968940D9}.Release|Any CPU.ActiveCfg = Release|Any CPU
		{D4643763-0BBF-4729-8F46-837E968940D9}.Release|Any CPU.Build.0 = Release|Any CPU
		{D4643763-0BBF-4729-8F46-837E968940D9}.Release|arm64.ActiveCfg = Release|Any CPU
		{D4643763-0BBF-4729-8F46-837E968940D9}.Release|arm64.Build.0 = Release|Any CPU
		{D4643763-0BBF-4729-8F46-837E968940D9}.Release|x86.ActiveCfg = Release|Any CPU
		{D4643763-0BBF-4729-8F46-837E968940D9}.Release|x86.Build.0 = Release|Any CPU
		{16AEE6A2-0D16-424A-8845-D29AA9494474}.Debug|Any CPU.ActiveCfg = Debug|Any CPU
		{16AEE6A2-0D16-424A-8845-D29AA9494474}.Debug|Any CPU.Build.0 = Debug|Any CPU
		{16AEE6A2-0D16-424A-8845-D29AA9494474}.Debug|arm64.ActiveCfg = Debug|Any CPU
		{16AEE6A2-0D16-424A-8845-D29AA9494474}.Debug|arm64.Build.0 = Debug|Any CPU
		{16AEE6A2-0D16-424A-8845-D29AA9494474}.Debug|x86.ActiveCfg = Debug|Any CPU
		{16AEE6A2-0D16-424A-8845-D29AA9494474}.Debug|x86.Build.0 = Debug|Any CPU
		{16AEE6A2-0D16-424A-8845-D29AA9494474}.Release|Any CPU.ActiveCfg = Release|Any CPU
		{16AEE6A2-0D16-424A-8845-D29AA9494474}.Release|Any CPU.Build.0 = Release|Any CPU
		{16AEE6A2-0D16-424A-8845-D29AA9494474}.Release|arm64.ActiveCfg = Release|Any CPU
		{16AEE6A2-0D16-424A-8845-D29AA9494474}.Release|arm64.Build.0 = Release|Any CPU
		{16AEE6A2-0D16-424A-8845-D29AA9494474}.Release|x86.ActiveCfg = Release|Any CPU
		{16AEE6A2-0D16-424A-8845-D29AA9494474}.Release|x86.Build.0 = Release|Any CPU
		{C120CB4F-9587-465E-83F6-9FDA54A009E6}.Debug|Any CPU.ActiveCfg = Debug|Any CPU
		{C120CB4F-9587-465E-83F6-9FDA54A009E6}.Debug|Any CPU.Build.0 = Debug|Any CPU
		{C120CB4F-9587-465E-83F6-9FDA54A009E6}.Debug|arm64.ActiveCfg = Debug|Any CPU
		{C120CB4F-9587-465E-83F6-9FDA54A009E6}.Debug|arm64.Build.0 = Debug|Any CPU
		{C120CB4F-9587-465E-83F6-9FDA54A009E6}.Debug|x86.ActiveCfg = Debug|Any CPU
		{C120CB4F-9587-465E-83F6-9FDA54A009E6}.Debug|x86.Build.0 = Debug|Any CPU
		{C120CB4F-9587-465E-83F6-9FDA54A009E6}.Release|Any CPU.ActiveCfg = Release|Any CPU
		{C120CB4F-9587-465E-83F6-9FDA54A009E6}.Release|Any CPU.Build.0 = Release|Any CPU
		{C120CB4F-9587-465E-83F6-9FDA54A009E6}.Release|arm64.ActiveCfg = Release|Any CPU
		{C120CB4F-9587-465E-83F6-9FDA54A009E6}.Release|arm64.Build.0 = Release|Any CPU
		{C120CB4F-9587-465E-83F6-9FDA54A009E6}.Release|x86.ActiveCfg = Release|Any CPU
		{C120CB4F-9587-465E-83F6-9FDA54A009E6}.Release|x86.Build.0 = Release|Any CPU
	EndGlobalSection
	GlobalSection(SolutionProperties) = preSolution
		HideSolutionNode = FALSE
	EndGlobalSection
	GlobalSection(NestedProjects) = preSolution
		{05B912AE-57FC-4319-B31D-9F5BFA3D4ED1} = {8EBC7F5A-9447-4752-B1C1-557852038A90}
		{D4643763-0BBF-4729-8F46-837E968940D9} = {8EBC7F5A-9447-4752-B1C1-557852038A90}
		{16AEE6A2-0D16-424A-8845-D29AA9494474} = {058D5B6C-56D5-4FB8-8141-08C829581193}
		{C120CB4F-9587-465E-83F6-9FDA54A009E6} = {31DF7F00-4530-455D-A982-37E67AA32272}
	EndGlobalSection
	GlobalSection(ExtensibilityGlobals) = postSolution
		SolutionGuid = {FFA5C14D-3ED6-45A7-8F7C-1D89B077E724}
	EndGlobalSection
EndGlobal
