
Microsoft Visual Studio Solution File, Format Version 12.00
# Visual Studio Version 17
VisualStudioVersion = 17.3.32811.315
MinimumVisualStudioVersion = 10.0.40219.1
Project("{9A19103F-16F7-4668-BE54-9A1E7A4F7556}") = "Crazor", "libraries\Crazor\Crazor.csproj", "{05B912AE-57FC-4319-B31D-9F5BFA3D4ED1}"
EndProject
Project("{2150E333-8FDC-42A3-9474-1A3956D46DE8}") = "libraries", "libraries", "{8EBC7F5A-9447-4752-B1C1-557852038A90}"
EndProject
Project("{2150E333-8FDC-42A3-9474-1A3956D46DE8}") = "samples", "samples", "{31DF7F00-4530-455D-A982-37E67AA32272}"
EndProject
Project("{2150E333-8FDC-42A3-9474-1A3956D46DE8}") = "Solution Items", "Solution Items", "{05D90974-40A3-4066-BBEA-6551B76A2A28}"
	ProjectSection(SolutionItems) = preProject
		.editorconfig = .editorconfig
		..\.github\workflows\BuildAndRunTests.yml = ..\.github\workflows\BuildAndRunTests.yml
		..\.github\workflows\PublishCrazorDemo.yml = ..\.github\workflows\PublishCrazorDemo.yml
		..\.github\workflows\PublishNuget.yml = ..\.github\workflows\PublishNuget.yml
		..\README.md = ..\README.md
	EndProjectSection
EndProject
Project("{2150E333-8FDC-42A3-9474-1A3956D46DE8}") = "tests", "tests", "{058D5B6C-56D5-4FB8-8141-08C829581193}"
EndProject
Project("{9A19103F-16F7-4668-BE54-9A1E7A4F7556}") = "Crazor.Test", "libraries\Crazor.Test\Crazor.Test.csproj", "{20AF7F79-6B1F-4138-B3EF-BF77AC33EE72}"
EndProject
Project("{9A19103F-16F7-4668-BE54-9A1E7A4F7556}") = "Crazor.Blazor", "libraries\Crazor.Blazor\Crazor.Blazor.csproj", "{5566668B-97D0-4ACB-A8D1-605473F39E93}"
EndProject
Project("{9A19103F-16F7-4668-BE54-9A1E7A4F7556}") = "CrazorBlazorDemo", "samples\CrazorBlazorDemo\CrazorBlazorDemo.csproj", "{05348B93-3A22-4D05-86D3-45C167E85A42}"
EndProject
Project("{9A19103F-16F7-4668-BE54-9A1E7A4F7556}") = "Crazor.Tests", "tests\Crazor.Tests\Crazor.Tests.csproj", "{2AD972EF-56F7-4347-B463-EC8847DE0A57}"
EndProject
Project("{9A19103F-16F7-4668-BE54-9A1E7A4F7556}") = "Crazor.Blazor.Tests", "tests\Crazor.Blazor.Tests\Crazor.Blazor.Tests.csproj", "{2B4CE68A-2703-46AD-B959-037866D873E7}"
EndProject
Project("{9A19103F-16F7-4668-BE54-9A1E7A4F7556}") = "Crazor.Server", "libraries\Crazor.Server\Crazor.Server.csproj", "{5E2274D1-EBF0-430D-90E7-9C0FB562EF6D}"
EndProject
Project("{9A19103F-16F7-4668-BE54-9A1E7A4F7556}") = "SharedCards", "samples\SharedCards\SharedCards.csproj", "{64DC9ADE-7583-4F12-90D7-BA6EAF22FA2C}"
EndProject
Project("{9A19103F-16F7-4668-BE54-9A1E7A4F7556}") = "Crazor.AI", "libraries\Crazor.AI\Crazor.AI.csproj", "{D2C498C3-0A9A-4D29-98D2-65FB5A9E7EC5}"
EndProject
Project("{9A19103F-16F7-4668-BE54-9A1E7A4F7556}") = "Crazor.AdaptiveCards", "libraries\Crazor.AdaptiveCards\Crazor.AdaptiveCards.csproj", "{88AF99B1-1097-4E5D-9BBF-8C2F78E42029}"
EndProject
Project("{9A19103F-16F7-4668-BE54-9A1E7A4F7556}") = "CrazorBlazorApp", "samples\CrazorBlazorApp\CrazorBlazorApp.csproj", "{83E86655-7608-41A7-AB46-D2FFA22DB64C}"
EndProject
Global
	GlobalSection(SolutionConfigurationPlatforms) = preSolution
		Debug|Any CPU = Debug|Any CPU
		Release|Any CPU = Release|Any CPU
	EndGlobalSection
	GlobalSection(ProjectConfigurationPlatforms) = postSolution
		{05B912AE-57FC-4319-B31D-9F5BFA3D4ED1}.Debug|Any CPU.ActiveCfg = Debug|Any CPU
		{05B912AE-57FC-4319-B31D-9F5BFA3D4ED1}.Debug|Any CPU.Build.0 = Debug|Any CPU
		{05B912AE-57FC-4319-B31D-9F5BFA3D4ED1}.Release|Any CPU.ActiveCfg = Release|Any CPU
		{05B912AE-57FC-4319-B31D-9F5BFA3D4ED1}.Release|Any CPU.Build.0 = Release|Any CPU
		{20AF7F79-6B1F-4138-B3EF-BF77AC33EE72}.Debug|Any CPU.ActiveCfg = Debug|Any CPU
		{20AF7F79-6B1F-4138-B3EF-BF77AC33EE72}.Debug|Any CPU.Build.0 = Debug|Any CPU
		{20AF7F79-6B1F-4138-B3EF-BF77AC33EE72}.Release|Any CPU.ActiveCfg = Release|Any CPU
		{20AF7F79-6B1F-4138-B3EF-BF77AC33EE72}.Release|Any CPU.Build.0 = Release|Any CPU
		{5566668B-97D0-4ACB-A8D1-605473F39E93}.Debug|Any CPU.ActiveCfg = Debug|Any CPU
		{5566668B-97D0-4ACB-A8D1-605473F39E93}.Debug|Any CPU.Build.0 = Debug|Any CPU
		{5566668B-97D0-4ACB-A8D1-605473F39E93}.Release|Any CPU.ActiveCfg = Release|Any CPU
		{5566668B-97D0-4ACB-A8D1-605473F39E93}.Release|Any CPU.Build.0 = Release|Any CPU
		{05348B93-3A22-4D05-86D3-45C167E85A42}.Debug|Any CPU.ActiveCfg = Debug|Any CPU
		{05348B93-3A22-4D05-86D3-45C167E85A42}.Debug|Any CPU.Build.0 = Debug|Any CPU
		{05348B93-3A22-4D05-86D3-45C167E85A42}.Release|Any CPU.ActiveCfg = Release|Any CPU
		{05348B93-3A22-4D05-86D3-45C167E85A42}.Release|Any CPU.Build.0 = Release|Any CPU
		{2AD972EF-56F7-4347-B463-EC8847DE0A57}.Debug|Any CPU.ActiveCfg = Debug|Any CPU
		{2AD972EF-56F7-4347-B463-EC8847DE0A57}.Debug|Any CPU.Build.0 = Debug|Any CPU
		{2AD972EF-56F7-4347-B463-EC8847DE0A57}.Release|Any CPU.ActiveCfg = Release|Any CPU
		{2AD972EF-56F7-4347-B463-EC8847DE0A57}.Release|Any CPU.Build.0 = Release|Any CPU
		{2B4CE68A-2703-46AD-B959-037866D873E7}.Debug|Any CPU.ActiveCfg = Debug|Any CPU
		{2B4CE68A-2703-46AD-B959-037866D873E7}.Debug|Any CPU.Build.0 = Debug|Any CPU
		{2B4CE68A-2703-46AD-B959-037866D873E7}.Release|Any CPU.ActiveCfg = Release|Any CPU
		{2B4CE68A-2703-46AD-B959-037866D873E7}.Release|Any CPU.Build.0 = Release|Any CPU
		{5E2274D1-EBF0-430D-90E7-9C0FB562EF6D}.Debug|Any CPU.ActiveCfg = Debug|Any CPU
		{5E2274D1-EBF0-430D-90E7-9C0FB562EF6D}.Debug|Any CPU.Build.0 = Debug|Any CPU
		{5E2274D1-EBF0-430D-90E7-9C0FB562EF6D}.Release|Any CPU.ActiveCfg = Release|Any CPU
		{5E2274D1-EBF0-430D-90E7-9C0FB562EF6D}.Release|Any CPU.Build.0 = Release|Any CPU
		{64DC9ADE-7583-4F12-90D7-BA6EAF22FA2C}.Debug|Any CPU.ActiveCfg = Debug|Any CPU
		{64DC9ADE-7583-4F12-90D7-BA6EAF22FA2C}.Debug|Any CPU.Build.0 = Debug|Any CPU
		{64DC9ADE-7583-4F12-90D7-BA6EAF22FA2C}.Release|Any CPU.ActiveCfg = Release|Any CPU
		{64DC9ADE-7583-4F12-90D7-BA6EAF22FA2C}.Release|Any CPU.Build.0 = Release|Any CPU
		{D2C498C3-0A9A-4D29-98D2-65FB5A9E7EC5}.Debug|Any CPU.ActiveCfg = Debug|Any CPU
		{D2C498C3-0A9A-4D29-98D2-65FB5A9E7EC5}.Debug|Any CPU.Build.0 = Debug|Any CPU
		{D2C498C3-0A9A-4D29-98D2-65FB5A9E7EC5}.Release|Any CPU.ActiveCfg = Release|Any CPU
		{D2C498C3-0A9A-4D29-98D2-65FB5A9E7EC5}.Release|Any CPU.Build.0 = Release|Any CPU
		{88AF99B1-1097-4E5D-9BBF-8C2F78E42029}.Debug|Any CPU.ActiveCfg = Debug|Any CPU
		{88AF99B1-1097-4E5D-9BBF-8C2F78E42029}.Debug|Any CPU.Build.0 = Debug|Any CPU
		{88AF99B1-1097-4E5D-9BBF-8C2F78E42029}.Release|Any CPU.ActiveCfg = Release|Any CPU
		{88AF99B1-1097-4E5D-9BBF-8C2F78E42029}.Release|Any CPU.Build.0 = Release|Any CPU
		{83E86655-7608-41A7-AB46-D2FFA22DB64C}.Debug|Any CPU.ActiveCfg = Debug|Any CPU
		{83E86655-7608-41A7-AB46-D2FFA22DB64C}.Debug|Any CPU.Build.0 = Debug|Any CPU
		{83E86655-7608-41A7-AB46-D2FFA22DB64C}.Release|Any CPU.ActiveCfg = Release|Any CPU
		{83E86655-7608-41A7-AB46-D2FFA22DB64C}.Release|Any CPU.Build.0 = Release|Any CPU
	EndGlobalSection
	GlobalSection(SolutionProperties) = preSolution
		HideSolutionNode = FALSE
	EndGlobalSection
	GlobalSection(NestedProjects) = preSolution
		{05B912AE-57FC-4319-B31D-9F5BFA3D4ED1} = {8EBC7F5A-9447-4752-B1C1-557852038A90}
		{20AF7F79-6B1F-4138-B3EF-BF77AC33EE72} = {8EBC7F5A-9447-4752-B1C1-557852038A90}
		{5566668B-97D0-4ACB-A8D1-605473F39E93} = {8EBC7F5A-9447-4752-B1C1-557852038A90}
		{05348B93-3A22-4D05-86D3-45C167E85A42} = {31DF7F00-4530-455D-A982-37E67AA32272}
		{2AD972EF-56F7-4347-B463-EC8847DE0A57} = {058D5B6C-56D5-4FB8-8141-08C829581193}
		{2B4CE68A-2703-46AD-B959-037866D873E7} = {058D5B6C-56D5-4FB8-8141-08C829581193}
		{5E2274D1-EBF0-430D-90E7-9C0FB562EF6D} = {8EBC7F5A-9447-4752-B1C1-557852038A90}
		{64DC9ADE-7583-4F12-90D7-BA6EAF22FA2C} = {31DF7F00-4530-455D-A982-37E67AA32272}
		{D2C498C3-0A9A-4D29-98D2-65FB5A9E7EC5} = {8EBC7F5A-9447-4752-B1C1-557852038A90}
		{88AF99B1-1097-4E5D-9BBF-8C2F78E42029} = {8EBC7F5A-9447-4752-B1C1-557852038A90}
		{83E86655-7608-41A7-AB46-D2FFA22DB64C} = {31DF7F00-4530-455D-A982-37E67AA32272}
	EndGlobalSection
	GlobalSection(ExtensibilityGlobals) = postSolution
		SolutionGuid = {FFA5C14D-3ED6-45A7-8F7C-1D89B077E724}
	EndGlobalSection
EndGlobal
