
Microsoft Visual Studio Solution File, Format Version 12.00
# Visual Studio Version 17
VisualStudioVersion = 17.9.34728.123
MinimumVisualStudioVersion = 10.0.40219.1
Project("{9A19103F-16F7-4668-BE54-9A1E7A4F7556}") = "CrazorTemplates", "CrazorTemplates\CrazorTemplates.csproj", "{D88C5672-C4F0-47D8-BB1F-24898BC01FAE}"
EndProject
Global
	GlobalSection(SolutionConfigurationPlatforms) = preSolution
		Debug|Any CPU = Debug|Any CPU
		Release|Any CPU = Release|Any CPU
	EndGlobalSection
	GlobalSection(ProjectConfigurationPlatforms) = postSolution
		{D88C5672-C4F0-47D8-BB1F-24898BC01FAE}.Debug|Any CPU.ActiveCfg = Debug|Any CPU
		{D88C5672-C4F0-47D8-BB1F-24898BC01FAE}.Debug|Any CPU.Build.0 = Debug|Any CPU
		{D88C5672-C4F0-47D8-BB1F-24898BC01FAE}.Release|Any CPU.ActiveCfg = Release|Any CPU
		{D88C5672-C4F0-47D8-BB1F-24898BC01FAE}.Release|Any CPU.Build.0 = Release|Any CPU
	EndGlobalSection
	GlobalSection(SolutionProperties) = preSolution
		HideSolutionNode = FALSE
	EndGlobalSection
	GlobalSection(ExtensibilityGlobals) = postSolution
		SolutionGuid = {6ED263F6-E6F6-484D-BBA3-B38F13DE85CC}
	EndGlobalSection
EndGlobal
